
Microsoft Visual Studio Solution File, Format Version 12.00
# Visual Studio Version 16
VisualStudioVersion = 16.0.30907.101
MinimumVisualStudioVersion = 10.0.40219.1
Project("{8BC9CEB8-8B4A-11D0-8D11-00A0C91BC942}") = "Practica 1", "Practica 1.vcxproj", "{261AD4B0-2640-428C-8685-3FC0D68D6DBE}"
EndProject
Global
	GlobalSection(SolutionConfigurationPlatforms) = preSolution
		Debug|x64 = Debug|x64
		Debug|x86 = Debug|x86
		Release|x64 = Release|x64
		Release|x86 = Release|x86
	EndGlobalSection
	GlobalSection(ProjectConfigurationPlatforms) = postSolution
		{261AD4B0-2640-428C-8685-3FC0D68D6DBE}.Debug|x64.ActiveCfg = Debug|x64
		{261AD4B0-2640-428C-8685-3FC0D68D6DBE}.Debug|x64.Build.0 = Debug|x64
		{261AD4B0-2640-428C-8685-3FC0D68D6DBE}.Debug|x86.ActiveCfg = Debug|Win32
		{261AD4B0-2640-428C-8685-3FC0D68D6DBE}.Debug|x86.Build.0 = Debug|Win32
		{261AD4B0-2640-428C-8685-3FC0D68D6DBE}.Release|x64.ActiveCfg = Release|x64
		{261AD4B0-2640-428C-8685-3FC0D68D6DBE}.Release|x64.Build.0 = Release|x64
		{261AD4B0-2640-428C-8685-3FC0D68D6DBE}.Release|x86.ActiveCfg = Release|Win32
		{261AD4B0-2640-428C-8685-3FC0D68D6DBE}.Release|x86.Build.0 = Release|Win32
	EndGlobalSection
	GlobalSection(SolutionProperties) = preSolution
		HideSolutionNode = FALSE
	EndGlobalSection
	GlobalSection(ExtensibilityGlobals) = postSolution
		SolutionGuid = {3F332B57-056B-46B6-A05C-931ADAE48A3A}
	EndGlobalSection
EndGlobal
